// !$*UTF8*$!
{
	archiveVersion = 1;
	classes = {
	};
	objectVersion = 50;
	objects = {

/* Begin PBXBuildFile section */
		DC1666E122CF6DDE00E796DC /* DemoViewAnswer.swift in Sources */ = {isa = PBXBuildFile; fileRef = DC1666E022CF6DDE00E796DC /* DemoViewAnswer.swift */; };
		DCEAD4F422CF436C005C5E66 /* AppDelegate.swift in Sources */ = {isa = PBXBuildFile; fileRef = DCEAD4F322CF436C005C5E66 /* AppDelegate.swift */; };
		DCEAD4F622CF436C005C5E66 /* ViewController.swift in Sources */ = {isa = PBXBuildFile; fileRef = DCEAD4F522CF436C005C5E66 /* ViewController.swift */; };
		DCEAD4F922CF436C005C5E66 /* Main.storyboard in Resources */ = {isa = PBXBuildFile; fileRef = DCEAD4F722CF436C005C5E66 /* Main.storyboard */; };
		DCEAD4FB22CF436D005C5E66 /* Assets.xcassets in Resources */ = {isa = PBXBuildFile; fileRef = DCEAD4FA22CF436D005C5E66 /* Assets.xcassets */; };
		DCEAD4FE22CF436D005C5E66 /* LaunchScreen.storyboard in Resources */ = {isa = PBXBuildFile; fileRef = DCEAD4FC22CF436D005C5E66 /* LaunchScreen.storyboard */; };
		DCEAD50622CF438D005C5E66 /* DemoView.swift in Sources */ = {isa = PBXBuildFile; fileRef = DCEAD50522CF438D005C5E66 /* DemoView.swift */; };
/* End PBXBuildFile section */

/* Begin PBXFileReference section */
		DC1666E022CF6DDE00E796DC /* DemoViewAnswer.swift */ = {isa = PBXFileReference; lastKnownFileType = sourcecode.swift; path = DemoViewAnswer.swift; sourceTree = "<group>"; };
		DCEAD4F022CF436C005C5E66 /* BoundsAreZero.app */ = {isa = PBXFileReference; explicitFileType = wrapper.application; includeInIndex = 0; path = BoundsAreZero.app; sourceTree = BUILT_PRODUCTS_DIR; };
		DCEAD4F322CF436C005C5E66 /* AppDelegate.swift */ = {isa = PBXFileReference; lastKnownFileType = sourcecode.swift; path = AppDelegate.swift; sourceTree = "<group>"; };
		DCEAD4F522CF436C005C5E66 /* ViewController.swift */ = {isa = PBXFileReference; lastKnownFileType = sourcecode.swift; path = ViewController.swift; sourceTree = "<group>"; };
		DCEAD4F822CF436C005C5E66 /* Base */ = {isa = PBXFileReference; lastKnownFileType = file.storyboard; name = Base; path = Base.lproj/Main.storyboard; sourceTree = "<group>"; };
		DCEAD4FA22CF436D005C5E66 /* Assets.xcassets */ = {isa = PBXFileReference; lastKnownFileType = folder.assetcatalog; path = Assets.xcassets; sourceTree = "<group>"; };
		DCEAD4FD22CF436D005C5E66 /* Base */ = {isa = PBXFileReference; lastKnownFileType = file.storyboard; name = Base; path = Base.lproj/LaunchScreen.storyboard; sourceTree = "<group>"; };
		DCEAD4FF22CF436D005C5E66 /* Info.plist */ = {isa = PBXFileReference; lastKnownFileType = text.plist.xml; path = Info.plist; sourceTree = "<group>"; };
		DCEAD50522CF438D005C5E66 /* DemoView.swift */ = {isa = PBXFileReference; lastKnownFileType = sourcecode.swift; path = DemoView.swift; sourceTree = "<group>"; };
/* End PBXFileReference section */

/* Begin PBXFrameworksBuildPhase section */
		DCEAD4ED22CF436C005C5E66 /* Frameworks */ = {
			isa = PBXFrameworksBuildPhase;
			buildActionMask = 2147483647;
			files = (
			);
			runOnlyForDeploymentPostprocessing = 0;
		};
/* End PBXFrameworksBuildPhase section */

/* Begin PBXGroup section */
		DCEAD4E722CF436C005C5E66 = {
			isa = PBXGroup;
			children = (
				DCEAD4F222CF436C005C5E66 /* BoundsAreZero */,
				DCEAD4F122CF436C005C5E66 /* Products */,
			);
			sourceTree = "<group>";
		};
		DCEAD4F122CF436C005C5E66 /* Products */ = {
			isa = PBXGroup;
			children = (
				DCEAD4F022CF436C005C5E66 /* BoundsAreZero.app */,
			);
			name = Products;
			sourceTree = "<group>";
		};
		DCEAD4F222CF436C005C5E66 /* BoundsAreZero */ = {
			isa = PBXGroup;
			children = (
				DCEAD4F322CF436C005C5E66 /* AppDelegate.swift */,
				DCEAD4F522CF436C005C5E66 /* ViewController.swift */,
				DCEAD4F722CF436C005C5E66 /* Main.storyboard */,
				DCEAD4FA22CF436D005C5E66 /* Assets.xcassets */,
				DCEAD4FC22CF436D005C5E66 /* LaunchScreen.storyboard */,
				DCEAD4FF22CF436D005C5E66 /* Info.plist */,
				DCEAD50522CF438D005C5E66 /* DemoView.swift */,
				DC1666E022CF6DDE00E796DC /* DemoViewAnswer.swift */,
			);
			path = BoundsAreZero;
			sourceTree = "<group>";
		};
/* End PBXGroup section */

/* Begin PBXNativeTarget section */
		DCEAD4EF22CF436C005C5E66 /* BoundsAreZero */ = {
			isa = PBXNativeTarget;
			buildConfigurationList = DCEAD50222CF436E005C5E66 /* Build configuration list for PBXNativeTarget "BoundsAreZero" */;
			buildPhases = (
				DCEAD4EC22CF436C005C5E66 /* Sources */,
				DCEAD4ED22CF436C005C5E66 /* Frameworks */,
				DCEAD4EE22CF436C005C5E66 /* Resources */,
			);
			buildRules = (
			);
			dependencies = (
			);
			name = BoundsAreZero;
			productName = BoundsAreZero;
			productReference = DCEAD4F022CF436C005C5E66 /* BoundsAreZero.app */;
			productType = "com.apple.product-type.application";
		};
/* End PBXNativeTarget section */

/* Begin PBXProject section */
		DCEAD4E822CF436C005C5E66 /* Project object */ = {
			isa = PBXProject;
			attributes = {
				LastSwiftUpdateCheck = 1020;
				LastUpgradeCheck = 1020;
				ORGANIZATIONNAME = "Felix Lieb";
				TargetAttributes = {
					DCEAD4EF22CF436C005C5E66 = {
						CreatedOnToolsVersion = 10.2.1;
					};
				};
			};
			buildConfigurationList = DCEAD4EB22CF436C005C5E66 /* Build configuration list for PBXProject "BoundsAreZero" */;
			compatibilityVersion = "Xcode 9.3";
			developmentRegion = en;
			hasScannedForEncodings = 0;
			knownRegions = (
				en,
				Base,
			);
			mainGroup = DCEAD4E722CF436C005C5E66;
			productRefGroup = DCEAD4F122CF436C005C5E66 /* Products */;
			projectDirPath = "";
			projectRoot = "";
			targets = (
				DCEAD4EF22CF436C005C5E66 /* BoundsAreZero */,
			);
		};
/* End PBXProject section */

/* Begin PBXResourcesBuildPhase section */
		DCEAD4EE22CF436C005C5E66 /* Resources */ = {
			isa = PBXResourcesBuildPhase;
			buildActionMask = 2147483647;
			files = (
				DCEAD4FE22CF436D005C5E66 /* LaunchScreen.storyboard in Resources */,
				DCEAD4FB22CF436D005C5E66 /* Assets.xcassets in Resources */,
				DCEAD4F922CF436C005C5E66 /* Main.storyboard in Resources */,
			);
			runOnlyForDeploymentPostprocessing = 0;
		};
/* End PBXResourcesBuildPhase section */

/* Begin PBXSourcesBuildPhase section */
		DCEAD4EC22CF436C005C5E66 /* Sources */ = {
			isa = PBXSourcesBuildPhase;
			buildActionMask = 2147483647;
			files = (
				DC1666E122CF6DDE00E796DC /* DemoViewAnswer.swift in Sources */,
				DCEAD4F622CF436C005C5E66 /* ViewController.swift in Sources */,
				DCEAD50622CF438D005C5E66 /* DemoView.swift in Sources */,
				DCEAD4F422CF436C005C5E66 /* AppDelegate.swift in Sources */,
			);
			runOnlyForDeploymentPostprocessing = 0;
		};
/* End PBXSourcesBuildPhase section */

/* Begin PBXVariantGroup section */
		DCEAD4F722CF436C005C5E66 /* Main.storyboard */ = {
			isa = PBXVariantGroup;
			children = (
				DCEAD4F822CF436C005C5E66 /* Base */,
			);
			name = Main.storyboard;
			sourceTree = "<group>";
		};
		DCEAD4FC22CF436D005C5E66 /* LaunchScreen.storyboard */ = {
			isa = PBXVariantGroup;
			children = (
				DCEAD4FD22CF436D005C5E66 /* Base */,
			);
			name = LaunchScreen.storyboard;
			sourceTree = "<group>";
		};
/* End PBXVariantGroup section */

/* Begin XCBuildConfiguration section */
		DCEAD50022CF436D005C5E66 /* Debug */ = {
			isa = XCBuildConfiguration;
			buildSettings = {
				ALWAYS_SEARCH_USER_PATHS = NO;
				CLANG_ANALYZER_NONNULL = YES;
				CLANG_ANALYZER_NUMBER_OBJECT_CONVERSION = YES_AGGRESSIVE;
				CLANG_CXX_LANGUAGE_STANDARD = "gnu++14";
				CLANG_CXX_LIBRARY = "libc++";
				CLANG_ENABLE_MODULES = YES;
				CLANG_ENABLE_OBJC_ARC = YES;
				CLANG_ENABLE_OBJC_WEAK = YES;
				CLANG_WARN_BLOCK_CAPTURE_AUTORELEASING = YES;
				CLANG_WARN_BOOL_CONVERSION = YES;
				CLANG_WARN_COMMA = YES;
				CLANG_WARN_CONSTANT_CONVERSION = YES;
				CLANG_WARN_DEPRECATED_OBJC_IMPLEMENTATIONS = YES;
				CLANG_WARN_DIRECT_OBJC_ISA_USAGE = YES_ERROR;
				CLANG_WARN_DOCUMENTATION_COMMENTS = YES;
				CLANG_WARN_EMPTY_BODY = YES;
				CLANG_WARN_ENUM_CONVERSION = YES;
				CLANG_WARN_INFINITE_RECURSION = YES;
				CLANG_WARN_INT_CONVERSION = YES;
				CLANG_WARN_NON_LITERAL_NULL_CONVERSION = YES;
				CLANG_WARN_OBJC_IMPLICIT_RETAIN_SELF = YES;
				CLANG_WARN_OBJC_LITERAL_CONVERSION = YES;
				CLANG_WARN_OBJC_ROOT_CLASS = YES_ERROR;
				CLANG_WARN_RANGE_LOOP_ANALYSIS = YES;
				CLANG_WARN_STRICT_PROTOTYPES = YES;
				CLANG_WARN_SUSPICIOUS_MOVE = YES;
				CLANG_WARN_UNGUARDED_AVAILABILITY = YES_AGGRESSIVE;
				CLANG_WARN_UNREACHABLE_CODE = YES;
				CLANG_WARN__DUPLICATE_METHOD_MATCH = YES;
				CODE_SIGN_IDENTITY = "iPhone Developer";
				COPY_PHASE_STRIP = NO;
				DEBUG_INFORMATION_FORMAT = dwarf;
				ENABLE_STRICT_OBJC_MSGSEND = YES;
				ENABLE_TESTABILITY = YES;
				GCC_C_LANGUAGE_STANDARD = gnu11;
				GCC_DYNAMIC_NO_PIC = NO;
				GCC_NO_COMMON_BLOCKS = YES;
				GCC_OPTIMIZATION_LEVEL = 0;
				GCC_PREPROCESSOR_DEFINITIONS = (
					"DEBUG=1",
					"$(inherited)",
				);
				GCC_WARN_64_TO_32_BIT_CONVERSION = YES;
				GCC_WARN_ABOUT_RETURN_TYPE = YES_ERROR;
				GCC_WARN_UNDECLARED_SELECTOR = YES;
				GCC_WARN_UNINITIALIZED_AUTOS = YES_AGGRESSIVE;
				GCC_WARN_UNUSED_FUNCTION = YES;
				GCC_WARN_UNUSED_VARIABLE = YES;
				IPHONEOS_DEPLOYMENT_TARGET = 12.2;
				MTL_ENABLE_DEBUG_INFO = INCLUDE_SOURCE;
				MTL_FAST_MATH = YES;
				ONLY_ACTIVE_ARCH = YES;
				SDKROOT = iphoneos;
				SWIFT_ACTIVE_COMPILATION_CONDITIONS = DEBUG;
				SWIFT_OPTIMIZATION_LEVEL = "-Onone";
			};
			name = Debug;
		};
		DCEAD50122CF436D005C5E66 /* Release */ = {
			isa = XCBuildConfiguration;
			buildSettings = {
				ALWAYS_SEARCH_USER_PATHS = NO;
				CLANG_ANALYZER_NONNULL = YES;
				CLANG_ANALYZER_NUMBER_OBJECT_CONVERSION = YES_AGGRESSIVE;
				CLANG_CXX_LANGUAGE_STANDARD = "gnu++14";
				CLANG_CXX_LIBRARY = "libc++";
				CLANG_ENABLE_MODULES = YES;
				CLANG_ENABLE_OBJC_ARC = YES;
				CLANG_ENABLE_OBJC_WEAK = YES;
				CLANG_WARN_BLOCK_CAPTURE_AUTORELEASING = YES;
				CLANG_WARN_BOOL_CONVERSION = YES;
				CLANG_WARN_COMMA = YES;
				CLANG_WARN_CONSTANT_CONVERSION = YES;
				CLANG_WARN_DEPRECATED_OBJC_IMPLEMENTATIONS = YES;
				CLANG_WARN_DIRECT_OBJC_ISA_USAGE = YES_ERROR;
				CLANG_WARN_DOCUMENTATION_COMMENTS = YES;
				CLANG_WARN_EMPTY_BODY = YES;
				CLANG_WARN_ENUM_CONVERSION = YES;
				CLANG_WARN_INFINITE_RECURSION = YES;
				CLANG_WARN_INT_CONVERSION = YES;
				CLANG_WARN_NON_LITERAL_NULL_CONVERSION = YES;
				CLANG_WARN_OBJC_IMPLICIT_RETAIN_SELF = YES;
				CLANG_WARN_OBJC_LITERAL_CONVERSION = YES;
				CLANG_WARN_OBJC_ROOT_CLASS = YES_ERROR;
				CLANG_WARN_RANGE_LOOP_ANALYSIS = YES;
				CLANG_WARN_STRICT_PROTOTYPES = YES;
				CLANG_WARN_SUSPICIOUS_MOVE = YES;
				CLANG_WARN_UNGUARDED_AVAILABILITY = YES_AGGRESSIVE;
				CLANG_WARN_UNREACHABLE_CODE = YES;
				CLANG_WARN__DUPLICATE_METHOD_MATCH = YES;
				CODE_SIGN_IDENTITY = "iPhone Developer";
				COPY_PHASE_STRIP = NO;
				DEBUG_INFORMATION_FORMAT = "dwarf-with-dsym";
				ENABLE_NS_ASSERTIONS = NO;
				ENABLE_STRICT_OBJC_MSGSEND = YES;
				GCC_C_LANGUAGE_STANDARD = gnu11;
				GCC_NO_COMMON_BLOCKS = YES;
				GCC_WARN_64_TO_32_BIT_CONVERSION = YES;
				GCC_WARN_ABOUT_RETURN_TYPE = YES_ERROR;
				GCC_WARN_UNDECLARED_SELECTOR = YES;
				GCC_WARN_UNINITIALIZED_AUTOS = YES_AGGRESSIVE;
				GCC_WARN_UNUSED_FUNCTION = YES;
				GCC_WARN_UNUSED_VARIABLE = YES;
				IPHONEOS_DEPLOYMENT_TARGET = 12.2;
				MTL_ENABLE_DEBUG_INFO = NO;
				MTL_FAST_MATH = YES;
				SDKROOT = iphoneos;
				SWIFT_COMPILATION_MODE = wholemodule;
				SWIFT_OPTIMIZATION_LEVEL = "-O";
				VALIDATE_PRODUCT = YES;
			};
			name = Release;
		};
		DCEAD50322CF436E005C5E66 /* Debug */ = {
			isa = XCBuildConfiguration;
			buildSettings = {
				ASSETCATALOG_COMPILER_APPICON_NAME = AppIcon;
				CODE_SIGN_STYLE = Automatic;
				DEVELOPMENT_TEAM = 5ZJJU69C7F;
				INFOPLIST_FILE = BoundsAreZero/Info.plist;
				LD_RUNPATH_SEARCH_PATHS = (
					"$(inherited)",
					"@executable_path/Frameworks",
				);
				PRODUCT_BUNDLE_IDENTIFIER = de.drjackyl.BoundsAreZero;
				PRODUCT_NAME = "$(TARGET_NAME)";
				SWIFT_VERSION = 5.0;
				TARGETED_DEVICE_FAMILY = "1,2";
			};
			name = Debug;
		};
		DCEAD50422CF436E005C5E66 /* Release */ = {
			isa = XCBuildConfiguration;
			buildSettings = {
				ASSETCATALOG_COMPILER_APPICON_NAME = AppIcon;
				CODE_SIGN_STYLE = Automatic;
				DEVELOPMENT_TEAM = 5ZJJU69C7F;
				INFOPLIST_FILE = BoundsAreZero/Info.plist;
				LD_RUNPATH_SEARCH_PATHS = (
					"$(inherited)",
					"@executable_path/Frameworks",
				);
				PRODUCT_BUNDLE_IDENTIFIER = de.drjackyl.BoundsAreZero;
				PRODUCT_NAME = "$(TARGET_NAME)";
				SWIFT_VERSION = 5.0;
				TARGETED_DEVICE_FAMILY = "1,2";
			};
			name = Release;
		};
/* End XCBuildConfiguration section */

/* Begin XCConfigurationList section */
		DCEAD4EB22CF436C005C5E66 /* Build configuration list for PBXProject "BoundsAreZero" */ = {
			isa = XCConfigurationList;
			buildConfigurations = (
				DCEAD50022CF436D005C5E66 /* Debug */,
				DCEAD50122CF436D005C5E66 /* Release */,
			);
			defaultConfigurationIsVisible = 0;
			defaultConfigurationName = Release;
		};
		DCEAD50222CF436E005C5E66 /* Build configuration list for PBXNativeTarget "BoundsAreZero" */ = {
			isa = XCConfigurationList;
			buildConfigurations = (
				DCEAD50322CF436E005C5E66 /* Debug */,
				DCEAD50422CF436E005C5E66 /* Release */,
			);
			defaultConfigurationIsVisible = 0;
			defaultConfigurationName = Release;
		};
/* End XCConfigurationList section */
	};
	rootObject = DCEAD4E822CF436C005C5E66 /* Project object */;
}
